
Microsoft Visual Studio Solution File, Format Version 12.00
# Visual Studio Version 16
VisualStudioVersion = 16.0.30309.148
MinimumVisualStudioVersion = 10.0.40219.1
Project("{FAE04EC0-301F-11D3-BF4B-00C04F79EFBC}") = "OneForAll", "OneForAll.csproj", "{E61A593F-FF8D-4964-A0B3-93F1FA36C6AE}"
EndProject
Project("{2150E333-8FDC-42A3-9474-1A3956D46DE8}") = "Solution Items", "Solution Items", "{FF4CC42B-A010-4829-9607-89DA4723120B}"
EndProject
Global
	GlobalSection(SolutionConfigurationPlatforms) = preSolution
		Debug|Any CPU = Debug|Any CPU
		Release|Any CPU = Release|Any CPU
	EndGlobalSection
	GlobalSection(ProjectConfigurationPlatforms) = postSolution
		{E61A593F-FF8D-4964-A0B3-93F1FA36C6AE}.Debug|Any CPU.ActiveCfg = Debug|Any CPU
		{E61A593F-FF8D-4964-A0B3-93F1FA36C6AE}.Debug|Any CPU.Build.0 = Debug|Any CPU
		{E61A593F-FF8D-4964-A0B3-93F1FA36C6AE}.Release|Any CPU.ActiveCfg = Release|Any CPU
		{E61A593F-FF8D-4964-A0B3-93F1FA36C6AE}.Release|Any CPU.Build.0 = Release|Any CPU
	EndGlobalSection
	GlobalSection(SolutionProperties) = preSolution
		HideSolutionNode = FALSE
	EndGlobalSection
	GlobalSection(ExtensibilityGlobals) = postSolution
		SolutionGuid = {800ACAFD-DE29-4F47-9DB1-AF2E9D22C38B}
	EndGlobalSection
EndGlobal
